// !$*UTF8*$!
{
	archiveVersion = 1;
	classes = {
	};
	objectVersion = 56;
	objects = {

/* Begin PBXBuildFile section */
		8C2FE23A2BB9C396002C7656 /* CommentDetailsView.swift in Sources */ = {isa = PBXBuildFile; fileRef = 8C2FE2392BB9C396002C7656 /* CommentDetailsView.swift */; };
		8CA436A02BB8CB1300E09688 /* IOS_app_SwiftUIApp.swift in Sources */ = {isa = PBXBuildFile; fileRef = 8CA4369F2BB8CB1300E09688 /* IOS_app_SwiftUIApp.swift */; };
		8CA436A22BB8CB1300E09688 /* ContentView.swift in Sources */ = {isa = PBXBuildFile; fileRef = 8CA436A12BB8CB1300E09688 /* ContentView.swift */; };
		8CA436A42BB8CB1400E09688 /* Assets.xcassets in Resources */ = {isa = PBXBuildFile; fileRef = 8CA436A32BB8CB1400E09688 /* Assets.xcassets */; };
		8CA436A72BB8CB1400E09688 /* Preview Assets.xcassets in Resources */ = {isa = PBXBuildFile; fileRef = 8CA436A62BB8CB1400E09688 /* Preview Assets.xcassets */; };
		8CBFB5072BB8D5EE0004A6FB /* README.md in Resources */ = {isa = PBXBuildFile; fileRef = 8CBFB5062BB8D5EE0004A6FB /* README.md */; };
		8CBFB50B2BB8D9660004A6FB /* comments-structure.swift in Sources */ = {isa = PBXBuildFile; fileRef = 8CBFB50A2BB8D9660004A6FB /* comments-structure.swift */; };
		8CBFB50D2BB8D9900004A6FB /* fetch.swift in Sources */ = {isa = PBXBuildFile; fileRef = 8CBFB50C2BB8D9900004A6FB /* fetch.swift */; };
		8CBFB50F2BB9A1A60004A6FB /* CommentCellView.swift in Sources */ = {isa = PBXBuildFile; fileRef = 8CBFB50E2BB9A1A60004A6FB /* CommentCellView.swift */; };
		8CBFB5112BB9A1D20004A6FB /* CommentsListView.swift in Sources */ = {isa = PBXBuildFile; fileRef = 8CBFB5102BB9A1D20004A6FB /* CommentsListView.swift */; };
/* End PBXBuildFile section */

/* Begin PBXFileReference section */
		8C2FE2392BB9C396002C7656 /* CommentDetailsView.swift */ = {isa = PBXFileReference; lastKnownFileType = sourcecode.swift; path = CommentDetailsView.swift; sourceTree = "<group>"; };
		8CA4369C2BB8CB1300E09688 /* IOS-app-SwiftUI.app */ = {isa = PBXFileReference; explicitFileType = wrapper.application; includeInIndex = 0; path = "IOS-app-SwiftUI.app"; sourceTree = BUILT_PRODUCTS_DIR; };
		8CA4369F2BB8CB1300E09688 /* IOS_app_SwiftUIApp.swift */ = {isa = PBXFileReference; lastKnownFileType = sourcecode.swift; path = IOS_app_SwiftUIApp.swift; sourceTree = "<group>"; };
		8CA436A12BB8CB1300E09688 /* ContentView.swift */ = {isa = PBXFileReference; lastKnownFileType = sourcecode.swift; path = ContentView.swift; sourceTree = "<group>"; };
		8CA436A32BB8CB1400E09688 /* Assets.xcassets */ = {isa = PBXFileReference; lastKnownFileType = folder.assetcatalog; path = Assets.xcassets; sourceTree = "<group>"; };
		8CA436A62BB8CB1400E09688 /* Preview Assets.xcassets */ = {isa = PBXFileReference; lastKnownFileType = folder.assetcatalog; path = "Preview Assets.xcassets"; sourceTree = "<group>"; };
		8CBFB5062BB8D5EE0004A6FB /* README.md */ = {isa = PBXFileReference; lastKnownFileType = net.daringfireball.markdown; path = README.md; sourceTree = "<group>"; };
		8CBFB50A2BB8D9660004A6FB /* comments-structure.swift */ = {isa = PBXFileReference; lastKnownFileType = sourcecode.swift; path = "comments-structure.swift"; sourceTree = "<group>"; };
		8CBFB50C2BB8D9900004A6FB /* fetch.swift */ = {isa = PBXFileReference; lastKnownFileType = sourcecode.swift; path = fetch.swift; sourceTree = "<group>"; };
		8CBFB50E2BB9A1A60004A6FB /* CommentCellView.swift */ = {isa = PBXFileReference; lastKnownFileType = sourcecode.swift; path = CommentCellView.swift; sourceTree = "<group>"; };
		8CBFB5102BB9A1D20004A6FB /* CommentsListView.swift */ = {isa = PBXFileReference; lastKnownFileType = sourcecode.swift; path = CommentsListView.swift; sourceTree = "<group>"; };
/* End PBXFileReference section */

/* Begin PBXFrameworksBuildPhase section */
		8CA436992BB8CB1300E09688 /* Frameworks */ = {
			isa = PBXFrameworksBuildPhase;
			buildActionMask = 2147483647;
			files = (
			);
			runOnlyForDeploymentPostprocessing = 0;
		};
/* End PBXFrameworksBuildPhase section */

/* Begin PBXGroup section */
		8CA436932BB8CB1300E09688 = {
			isa = PBXGroup;
			children = (
				8CA4369E2BB8CB1300E09688 /* IOS-app-SwiftUI */,
				8CA4369D2BB8CB1300E09688 /* Products */,
			);
			sourceTree = "<group>";
		};
		8CA4369D2BB8CB1300E09688 /* Products */ = {
			isa = PBXGroup;
			children = (
				8CA4369C2BB8CB1300E09688 /* IOS-app-SwiftUI.app */,
			);
			name = Products;
			sourceTree = "<group>";
		};
		8CA4369E2BB8CB1300E09688 /* IOS-app-SwiftUI */ = {
			isa = PBXGroup;
			children = (
				8CBFB5122BB9A1FE0004A6FB /* views */,
				8CBFB5092BB8D9410004A6FB /* models */,
				8CBFB5082BB8D9280004A6FB /* data-access */,
				8CA4369F2BB8CB1300E09688 /* IOS_app_SwiftUIApp.swift */,
				8CA436A12BB8CB1300E09688 /* ContentView.swift */,
				8CA436A32BB8CB1400E09688 /* Assets.xcassets */,
				8CBFB5062BB8D5EE0004A6FB /* README.md */,
				8CA436A52BB8CB1400E09688 /* Preview Content */,
			);
			path = "IOS-app-SwiftUI";
			sourceTree = "<group>";
		};
		8CA436A52BB8CB1400E09688 /* Preview Content */ = {
			isa = PBXGroup;
			children = (
				8CA436A62BB8CB1400E09688 /* Preview Assets.xcassets */,
			);
			path = "Preview Content";
			sourceTree = "<group>";
		};
		8CBFB5082BB8D9280004A6FB /* data-access */ = {
			isa = PBXGroup;
			children = (
				8CBFB50C2BB8D9900004A6FB /* fetch.swift */,
			);
			path = "data-access";
			sourceTree = "<group>";
		};
		8CBFB5092BB8D9410004A6FB /* models */ = {
			isa = PBXGroup;
			children = (
				8CBFB50A2BB8D9660004A6FB /* comments-structure.swift */,
			);
			path = models;
			sourceTree = "<group>";
		};
		8CBFB5122BB9A1FE0004A6FB /* views */ = {
			isa = PBXGroup;
			children = (
				8CBFB50E2BB9A1A60004A6FB /* CommentCellView.swift */,
				8CBFB5102BB9A1D20004A6FB /* CommentsListView.swift */,
				8C2FE2392BB9C396002C7656 /* CommentDetailsView.swift */,
			);
			path = views;
			sourceTree = "<group>";
		};
/* End PBXGroup section */

/* Begin PBXNativeTarget section */
		8CA4369B2BB8CB1300E09688 /* IOS-app-SwiftUI */ = {
			isa = PBXNativeTarget;
			buildConfigurationList = 8CA436AA2BB8CB1400E09688 /* Build configuration list for PBXNativeTarget "IOS-app-SwiftUI" */;
			buildPhases = (
				8CA436982BB8CB1300E09688 /* Sources */,
				8CA436992BB8CB1300E09688 /* Frameworks */,
				8CA4369A2BB8CB1300E09688 /* Resources */,
			);
			buildRules = (
			);
			dependencies = (
			);
			name = "IOS-app-SwiftUI";
			productName = "IOS-app-SwiftUI";
			productReference = 8CA4369C2BB8CB1300E09688 /* IOS-app-SwiftUI.app */;
			productType = "com.apple.product-type.application";
		};
/* End PBXNativeTarget section */

/* Begin PBXProject section */
		8CA436942BB8CB1300E09688 /* Project object */ = {
			isa = PBXProject;
			attributes = {
				BuildIndependentTargetsInParallel = 1;
				LastSwiftUpdateCheck = 1500;
				LastUpgradeCheck = 1500;
				TargetAttributes = {
					8CA4369B2BB8CB1300E09688 = {
						CreatedOnToolsVersion = 15.0;
					};
				};
			};
			buildConfigurationList = 8CA436972BB8CB1300E09688 /* Build configuration list for PBXProject "IOS-app-SwiftUI" */;
			compatibilityVersion = "Xcode 14.0";
			developmentRegion = en;
			hasScannedForEncodings = 0;
			knownRegions = (
				en,
				Base,
			);
			mainGroup = 8CA436932BB8CB1300E09688;
			productRefGroup = 8CA4369D2BB8CB1300E09688 /* Products */;
			projectDirPath = "";
			projectRoot = "";
			targets = (
				8CA4369B2BB8CB1300E09688 /* IOS-app-SwiftUI */,
			);
		};
/* End PBXProject section */

/* Begin PBXResourcesBuildPhase section */
		8CA4369A2BB8CB1300E09688 /* Resources */ = {
			isa = PBXResourcesBuildPhase;
			buildActionMask = 2147483647;
			files = (
				8CBFB5072BB8D5EE0004A6FB /* README.md in Resources */,
				8CA436A72BB8CB1400E09688 /* Preview Assets.xcassets in Resources */,
				8CA436A42BB8CB1400E09688 /* Assets.xcassets in Resources */,
			);
			runOnlyForDeploymentPostprocessing = 0;
		};
/* End PBXResourcesBuildPhase section */

/* Begin PBXSourcesBuildPhase section */
		8CA436982BB8CB1300E09688 /* Sources */ = {
			isa = PBXSourcesBuildPhase;
			buildActionMask = 2147483647;
			files = (
				8C2FE23A2BB9C396002C7656 /* CommentDetailsView.swift in Sources */,
				8CBFB50F2BB9A1A60004A6FB /* CommentCellView.swift in Sources */,
				8CBFB5112BB9A1D20004A6FB /* CommentsListView.swift in Sources */,
				8CBFB50D2BB8D9900004A6FB /* fetch.swift in Sources */,
				8CA436A22BB8CB1300E09688 /* ContentView.swift in Sources */,
				8CA436A02BB8CB1300E09688 /* IOS_app_SwiftUIApp.swift in Sources */,
				8CBFB50B2BB8D9660004A6FB /* comments-structure.swift in Sources */,
			);
			runOnlyForDeploymentPostprocessing = 0;
		};
/* End PBXSourcesBuildPhase section */

/* Begin XCBuildConfiguration section */
		8CA436A82BB8CB1400E09688 /* Debug */ = {
			isa = XCBuildConfiguration;
			buildSettings = {
				ALWAYS_SEARCH_USER_PATHS = NO;
				ASSETCATALOG_COMPILER_GENERATE_SWIFT_ASSET_SYMBOL_EXTENSIONS = YES;
				CLANG_ANALYZER_NONNULL = YES;
				CLANG_ANALYZER_NUMBER_OBJECT_CONVERSION = YES_AGGRESSIVE;
				CLANG_CXX_LANGUAGE_STANDARD = "gnu++20";
				CLANG_ENABLE_MODULES = YES;
				CLANG_ENABLE_OBJC_ARC = YES;
				CLANG_ENABLE_OBJC_WEAK = YES;
				CLANG_WARN_BLOCK_CAPTURE_AUTORELEASING = YES;
				CLANG_WARN_BOOL_CONVERSION = YES;
				CLANG_WARN_COMMA = YES;
				CLANG_WARN_CONSTANT_CONVERSION = YES;
				CLANG_WARN_DEPRECATED_OBJC_IMPLEMENTATIONS = YES;
				CLANG_WARN_DIRECT_OBJC_ISA_USAGE = YES_ERROR;
				CLANG_WARN_DOCUMENTATION_COMMENTS = YES;
				CLANG_WARN_EMPTY_BODY = YES;
				CLANG_WARN_ENUM_CONVERSION = YES;
				CLANG_WARN_INFINITE_RECURSION = YES;
				CLANG_WARN_INT_CONVERSION = YES;
				CLANG_WARN_NON_LITERAL_NULL_CONVERSION = YES;
				CLANG_WARN_OBJC_IMPLICIT_RETAIN_SELF = YES;
				CLANG_WARN_OBJC_LITERAL_CONVERSION = YES;
				CLANG_WARN_OBJC_ROOT_CLASS = YES_ERROR;
				CLANG_WARN_QUOTED_INCLUDE_IN_FRAMEWORK_HEADER = YES;
				CLANG_WARN_RANGE_LOOP_ANALYSIS = YES;
				CLANG_WARN_STRICT_PROTOTYPES = YES;
				CLANG_WARN_SUSPICIOUS_MOVE = YES;
				CLANG_WARN_UNGUARDED_AVAILABILITY = YES_AGGRESSIVE;
				CLANG_WARN_UNREACHABLE_CODE = YES;
				CLANG_WARN__DUPLICATE_METHOD_MATCH = YES;
				COPY_PHASE_STRIP = NO;
				DEBUG_INFORMATION_FORMAT = dwarf;
				ENABLE_STRICT_OBJC_MSGSEND = YES;
				ENABLE_TESTABILITY = YES;
				ENABLE_USER_SCRIPT_SANDBOXING = YES;
				GCC_C_LANGUAGE_STANDARD = gnu17;
				GCC_DYNAMIC_NO_PIC = NO;
				GCC_NO_COMMON_BLOCKS = YES;
				GCC_OPTIMIZATION_LEVEL = 0;
				GCC_PREPROCESSOR_DEFINITIONS = (
					"DEBUG=1",
					"$(inherited)",
				);
				GCC_WARN_64_TO_32_BIT_CONVERSION = YES;
				GCC_WARN_ABOUT_RETURN_TYPE = YES_ERROR;
				GCC_WARN_UNDECLARED_SELECTOR = YES;
				GCC_WARN_UNINITIALIZED_AUTOS = YES_AGGRESSIVE;
				GCC_WARN_UNUSED_FUNCTION = YES;
				GCC_WARN_UNUSED_VARIABLE = YES;
				IPHONEOS_DEPLOYMENT_TARGET = 17.0;
				LOCALIZATION_PREFERS_STRING_CATALOGS = YES;
				MTL_ENABLE_DEBUG_INFO = INCLUDE_SOURCE;
				MTL_FAST_MATH = YES;
				ONLY_ACTIVE_ARCH = YES;
				SDKROOT = iphoneos;
				SWIFT_ACTIVE_COMPILATION_CONDITIONS = "DEBUG $(inherited)";
				SWIFT_OPTIMIZATION_LEVEL = "-Onone";
			};
			name = Debug;
		};
		8CA436A92BB8CB1400E09688 /* Release */ = {
			isa = XCBuildConfiguration;
			buildSettings = {
				ALWAYS_SEARCH_USER_PATHS = NO;
				ASSETCATALOG_COMPILER_GENERATE_SWIFT_ASSET_SYMBOL_EXTENSIONS = YES;
				CLANG_ANALYZER_NONNULL = YES;
				CLANG_ANALYZER_NUMBER_OBJECT_CONVERSION = YES_AGGRESSIVE;
				CLANG_CXX_LANGUAGE_STANDARD = "gnu++20";
				CLANG_ENABLE_MODULES = YES;
				CLANG_ENABLE_OBJC_ARC = YES;
				CLANG_ENABLE_OBJC_WEAK = YES;
				CLANG_WARN_BLOCK_CAPTURE_AUTORELEASING = YES;
				CLANG_WARN_BOOL_CONVERSION = YES;
				CLANG_WARN_COMMA = YES;
				CLANG_WARN_CONSTANT_CONVERSION = YES;
				CLANG_WARN_DEPRECATED_OBJC_IMPLEMENTATIONS = YES;
				CLANG_WARN_DIRECT_OBJC_ISA_USAGE = YES_ERROR;
				CLANG_WARN_DOCUMENTATION_COMMENTS = YES;
				CLANG_WARN_EMPTY_BODY = YES;
				CLANG_WARN_ENUM_CONVERSION = YES;
				CLANG_WARN_INFINITE_RECURSION = YES;
				CLANG_WARN_INT_CONVERSION = YES;
				CLANG_WARN_NON_LITERAL_NULL_CONVERSION = YES;
				CLANG_WARN_OBJC_IMPLICIT_RETAIN_SELF = YES;
				CLANG_WARN_OBJC_LITERAL_CONVERSION = YES;
				CLANG_WARN_OBJC_ROOT_CLASS = YES_ERROR;
				CLANG_WARN_QUOTED_INCLUDE_IN_FRAMEWORK_HEADER = YES;
				CLANG_WARN_RANGE_LOOP_ANALYSIS = YES;
				CLANG_WARN_STRICT_PROTOTYPES = YES;
				CLANG_WARN_SUSPICIOUS_MOVE = YES;
				CLANG_WARN_UNGUARDED_AVAILABILITY = YES_AGGRESSIVE;
				CLANG_WARN_UNREACHABLE_CODE = YES;
				CLANG_WARN__DUPLICATE_METHOD_MATCH = YES;
				COPY_PHASE_STRIP = NO;
				DEBUG_INFORMATION_FORMAT = "dwarf-with-dsym";
				ENABLE_NS_ASSERTIONS = NO;
				ENABLE_STRICT_OBJC_MSGSEND = YES;
				ENABLE_USER_SCRIPT_SANDBOXING = YES;
				GCC_C_LANGUAGE_STANDARD = gnu17;
				GCC_NO_COMMON_BLOCKS = YES;
				GCC_WARN_64_TO_32_BIT_CONVERSION = YES;
				GCC_WARN_ABOUT_RETURN_TYPE = YES_ERROR;
				GCC_WARN_UNDECLARED_SELECTOR = YES;
				GCC_WARN_UNINITIALIZED_AUTOS = YES_AGGRESSIVE;
				GCC_WARN_UNUSED_FUNCTION = YES;
				GCC_WARN_UNUSED_VARIABLE = YES;
				IPHONEOS_DEPLOYMENT_TARGET = 17.0;
				LOCALIZATION_PREFERS_STRING_CATALOGS = YES;
				MTL_ENABLE_DEBUG_INFO = NO;
				MTL_FAST_MATH = YES;
				SDKROOT = iphoneos;
				SWIFT_COMPILATION_MODE = wholemodule;
				VALIDATE_PRODUCT = YES;
			};
			name = Release;
		};
		8CA436AB2BB8CB1400E09688 /* Debug */ = {
			isa = XCBuildConfiguration;
			buildSettings = {
				ASSETCATALOG_COMPILER_APPICON_NAME = AppIcon;
				ASSETCATALOG_COMPILER_GLOBAL_ACCENT_COLOR_NAME = AccentColor;
				CODE_SIGN_STYLE = Automatic;
				CURRENT_PROJECT_VERSION = 1;
				DEVELOPMENT_ASSET_PATHS = "\"IOS-app-SwiftUI/Preview Content\"";
				DEVELOPMENT_TEAM = VNU8KKW4GG;
				ENABLE_PREVIEWS = YES;
				GENERATE_INFOPLIST_FILE = YES;
				INFOPLIST_KEY_UIApplicationSceneManifest_Generation = YES;
				INFOPLIST_KEY_UIApplicationSupportsIndirectInputEvents = YES;
				INFOPLIST_KEY_UILaunchScreen_Generation = YES;
				INFOPLIST_KEY_UISupportedInterfaceOrientations_iPad = "UIInterfaceOrientationPortrait UIInterfaceOrientationPortraitUpsideDown UIInterfaceOrientationLandscapeLeft UIInterfaceOrientationLandscapeRight";
				INFOPLIST_KEY_UISupportedInterfaceOrientations_iPhone = "UIInterfaceOrientationPortrait UIInterfaceOrientationLandscapeLeft UIInterfaceOrientationLandscapeRight";
				LD_RUNPATH_SEARCH_PATHS = (
					"$(inherited)",
					"@executable_path/Frameworks",
				);
				MARKETING_VERSION = 1.0;
				PRODUCT_BUNDLE_IDENTIFIER = "ua.edu.ukma.verkhohliad.IOS-app-SwiftUI";
				PRODUCT_NAME = "$(TARGET_NAME)";
				SWIFT_EMIT_LOC_STRINGS = YES;
				SWIFT_VERSION = 5.0;
				TARGETED_DEVICE_FAMILY = "1,2";
			};
			name = Debug;
		};
		8CA436AC2BB8CB1400E09688 /* Release */ = {
			isa = XCBuildConfiguration;
			buildSettings = {
				ASSETCATALOG_COMPILER_APPICON_NAME = AppIcon;
				ASSETCATALOG_COMPILER_GLOBAL_ACCENT_COLOR_NAME = AccentColor;
				CODE_SIGN_STYLE = Automatic;
				CURRENT_PROJECT_VERSION = 1;
				DEVELOPMENT_ASSET_PATHS = "\"IOS-app-SwiftUI/Preview Content\"";
				DEVELOPMENT_TEAM = VNU8KKW4GG;
				ENABLE_PREVIEWS = YES;
				GENERATE_INFOPLIST_FILE = YES;
				INFOPLIST_KEY_UIApplicationSceneManifest_Generation = YES;
				INFOPLIST_KEY_UIApplicationSupportsIndirectInputEvents = YES;
				INFOPLIST_KEY_UILaunchScreen_Generation = YES;
				INFOPLIST_KEY_UISupportedInterfaceOrientations_iPad = "UIInterfaceOrientationPortrait UIInterfaceOrientationPortraitUpsideDown UIInterfaceOrientationLandscapeLeft UIInterfaceOrientationLandscapeRight";
				INFOPLIST_KEY_UISupportedInterfaceOrientations_iPhone = "UIInterfaceOrientationPortrait UIInterfaceOrientationLandscapeLeft UIInterfaceOrientationLandscapeRight";
				LD_RUNPATH_SEARCH_PATHS = (
					"$(inherited)",
					"@executable_path/Frameworks",
				);
				MARKETING_VERSION = 1.0;
				PRODUCT_BUNDLE_IDENTIFIER = "ua.edu.ukma.verkhohliad.IOS-app-SwiftUI";
				PRODUCT_NAME = "$(TARGET_NAME)";
				SWIFT_EMIT_LOC_STRINGS = YES;
				SWIFT_VERSION = 5.0;
				TARGETED_DEVICE_FAMILY = "1,2";
			};
			name = Release;
		};
/* End XCBuildConfiguration section */

/* Begin XCConfigurationList section */
		8CA436972BB8CB1300E09688 /* Build configuration list for PBXProject "IOS-app-SwiftUI" */ = {
			isa = XCConfigurationList;
			buildConfigurations = (
				8CA436A82BB8CB1400E09688 /* Debug */,
				8CA436A92BB8CB1400E09688 /* Release */,
			);
			defaultConfigurationIsVisible = 0;
			defaultConfigurationName = Release;
		};
		8CA436AA2BB8CB1400E09688 /* Build configuration list for PBXNativeTarget "IOS-app-SwiftUI" */ = {
			isa = XCConfigurationList;
			buildConfigurations = (
				8CA436AB2BB8CB1400E09688 /* Debug */,
				8CA436AC2BB8CB1400E09688 /* Release */,
			);
			defaultConfigurationIsVisible = 0;
			defaultConfigurationName = Release;
		};
/* End XCConfigurationList section */
	};
	rootObject = 8CA436942BB8CB1300E09688 /* Project object */;
}
