// !$*UTF8*$!
{
	archiveVersion = 1;
	classes = {
	};
	objectVersion = 56;
	objects = {

/* Begin PBXBuildFile section */
		8C201AFD2B83F25E0009FA2E /* PostListViewController.swift in Sources */ = {isa = PBXBuildFile; fileRef = 8C201AFC2B83F25E0009FA2E /* PostListViewController.swift */; };
		8C201AFF2B8414B20009FA2E /* PostTableViewCell.swift in Sources */ = {isa = PBXBuildFile; fileRef = 8C201AFE2B8414B20009FA2E /* PostTableViewCell.swift */; };
		8C201B012B84FE580009FA2E /* PostView.swift in Sources */ = {isa = PBXBuildFile; fileRef = 8C201B002B84FE580009FA2E /* PostView.swift */; };
		8C201B052B84FF340009FA2E /* PostView.xib in Resources */ = {isa = PBXBuildFile; fileRef = 8C201B042B84FF340009FA2E /* PostView.xib */; };
		8C3479D82B7AF212008F1BD3 /* fetch.swift in Sources */ = {isa = PBXBuildFile; fileRef = 8C3479D72B7AF212008F1BD3 /* fetch.swift */; };
		8C3479DD2B7BFDBE008F1BD3 /* posts-structure.swift in Sources */ = {isa = PBXBuildFile; fileRef = 8C3479DC2B7BFDBE008F1BD3 /* posts-structure.swift */; };
		8C3479E02B7C1502008F1BD3 /* Kingfisher in Frameworks */ = {isa = PBXBuildFile; productRef = 8C3479DF2B7C1502008F1BD3 /* Kingfisher */; };
		8C77B6202B8519CE00200C0B /* PostDetailsViewController.swift in Sources */ = {isa = PBXBuildFile; fileRef = 8C77B61F2B8519CE00200C0B /* PostDetailsViewController.swift */; };
		8C92A5262B7824B90083C638 /* AppDelegate.swift in Sources */ = {isa = PBXBuildFile; fileRef = 8C92A5252B7824B90083C638 /* AppDelegate.swift */; };
		8C92A5282B7824B90083C638 /* SceneDelegate.swift in Sources */ = {isa = PBXBuildFile; fileRef = 8C92A5272B7824B90083C638 /* SceneDelegate.swift */; };
		8C92A52D2B7824B90083C638 /* Main.storyboard in Resources */ = {isa = PBXBuildFile; fileRef = 8C92A52B2B7824B90083C638 /* Main.storyboard */; };
		8C92A52F2B7824BB0083C638 /* Assets.xcassets in Resources */ = {isa = PBXBuildFile; fileRef = 8C92A52E2B7824BB0083C638 /* Assets.xcassets */; };
		8C92A5322B7824BB0083C638 /* LaunchScreen.storyboard in Resources */ = {isa = PBXBuildFile; fileRef = 8C92A5302B7824BB0083C638 /* LaunchScreen.storyboard */; };
/* End PBXBuildFile section */

/* Begin PBXFileReference section */
		8C201AFC2B83F25E0009FA2E /* PostListViewController.swift */ = {isa = PBXFileReference; lastKnownFileType = sourcecode.swift; path = PostListViewController.swift; sourceTree = "<group>"; };
		8C201AFE2B8414B20009FA2E /* PostTableViewCell.swift */ = {isa = PBXFileReference; lastKnownFileType = sourcecode.swift; path = PostTableViewCell.swift; sourceTree = "<group>"; };
		8C201B002B84FE580009FA2E /* PostView.swift */ = {isa = PBXFileReference; lastKnownFileType = sourcecode.swift; path = PostView.swift; sourceTree = "<group>"; };
		8C201B042B84FF340009FA2E /* PostView.xib */ = {isa = PBXFileReference; lastKnownFileType = file.xib; path = PostView.xib; sourceTree = "<group>"; };
		8C3479D72B7AF212008F1BD3 /* fetch.swift */ = {isa = PBXFileReference; lastKnownFileType = sourcecode.swift; path = fetch.swift; sourceTree = "<group>"; };
		8C3479DB2B7BF04A008F1BD3 /* README.md */ = {isa = PBXFileReference; lastKnownFileType = net.daringfireball.markdown; path = README.md; sourceTree = "<group>"; };
		8C3479DC2B7BFDBE008F1BD3 /* posts-structure.swift */ = {isa = PBXFileReference; lastKnownFileType = sourcecode.swift; path = "posts-structure.swift"; sourceTree = "<group>"; };
		8C77B61F2B8519CE00200C0B /* PostDetailsViewController.swift */ = {isa = PBXFileReference; lastKnownFileType = sourcecode.swift; path = PostDetailsViewController.swift; sourceTree = "<group>"; };
		8C92A5222B7824B90083C638 /* IOS_App.app */ = {isa = PBXFileReference; explicitFileType = wrapper.application; includeInIndex = 0; path = IOS_App.app; sourceTree = BUILT_PRODUCTS_DIR; };
		8C92A5252B7824B90083C638 /* AppDelegate.swift */ = {isa = PBXFileReference; lastKnownFileType = sourcecode.swift; path = AppDelegate.swift; sourceTree = "<group>"; };
		8C92A5272B7824B90083C638 /* SceneDelegate.swift */ = {isa = PBXFileReference; lastKnownFileType = sourcecode.swift; path = SceneDelegate.swift; sourceTree = "<group>"; };
		8C92A52C2B7824B90083C638 /* Base */ = {isa = PBXFileReference; lastKnownFileType = file.storyboard; name = Base; path = Base.lproj/Main.storyboard; sourceTree = "<group>"; };
		8C92A52E2B7824BB0083C638 /* Assets.xcassets */ = {isa = PBXFileReference; lastKnownFileType = folder.assetcatalog; path = Assets.xcassets; sourceTree = "<group>"; };
		8C92A5312B7824BB0083C638 /* Base */ = {isa = PBXFileReference; lastKnownFileType = file.storyboard; name = Base; path = Base.lproj/LaunchScreen.storyboard; sourceTree = "<group>"; };
		8C92A5332B7824BB0083C638 /* Info.plist */ = {isa = PBXFileReference; lastKnownFileType = text.plist.xml; path = Info.plist; sourceTree = "<group>"; };
/* End PBXFileReference section */

/* Begin PBXFrameworksBuildPhase section */
		8C92A51F2B7824B90083C638 /* Frameworks */ = {
			isa = PBXFrameworksBuildPhase;
			buildActionMask = 2147483647;
			files = (
				8C3479E02B7C1502008F1BD3 /* Kingfisher in Frameworks */,
			);
			runOnlyForDeploymentPostprocessing = 0;
		};
/* End PBXFrameworksBuildPhase section */

/* Begin PBXGroup section */
		8C3479D62B7AF1F1008F1BD3 /* data_access_layer */ = {
			isa = PBXGroup;
			children = (
				8C3479D72B7AF212008F1BD3 /* fetch.swift */,
				8C3479DC2B7BFDBE008F1BD3 /* posts-structure.swift */,
			);
			path = data_access_layer;
			sourceTree = "<group>";
		};
		8C77B6212B852C2300200C0B /* PostView */ = {
			isa = PBXGroup;
			children = (
				8C201B002B84FE580009FA2E /* PostView.swift */,
				8C201B042B84FF340009FA2E /* PostView.xib */,
			);
			path = PostView;
			sourceTree = "<group>";
		};
		8C92A5192B7824B90083C638 = {
			isa = PBXGroup;
			children = (
				8C92A5242B7824B90083C638 /* IOS_App */,
				8C92A5232B7824B90083C638 /* Products */,
			);
			sourceTree = "<group>";
		};
		8C92A5232B7824B90083C638 /* Products */ = {
			isa = PBXGroup;
			children = (
				8C92A5222B7824B90083C638 /* IOS_App.app */,
			);
			name = Products;
			sourceTree = "<group>";
		};
		8C92A5242B7824B90083C638 /* IOS_App */ = {
			isa = PBXGroup;
			children = (
				8C77B6212B852C2300200C0B /* PostView */,
				8C3479D62B7AF1F1008F1BD3 /* data_access_layer */,
				8C92A5252B7824B90083C638 /* AppDelegate.swift */,
				8C92A5272B7824B90083C638 /* SceneDelegate.swift */,
				8C201AFC2B83F25E0009FA2E /* PostListViewController.swift */,
				8C201AFE2B8414B20009FA2E /* PostTableViewCell.swift */,
				8C92A52B2B7824B90083C638 /* Main.storyboard */,
				8C92A52E2B7824BB0083C638 /* Assets.xcassets */,
				8C92A5302B7824BB0083C638 /* LaunchScreen.storyboard */,
				8C92A5332B7824BB0083C638 /* Info.plist */,
				8C3479DB2B7BF04A008F1BD3 /* README.md */,
				8C77B61F2B8519CE00200C0B /* PostDetailsViewController.swift */,
			);
			path = IOS_App;
			sourceTree = "<group>";
		};
/* End PBXGroup section */

/* Begin PBXNativeTarget section */
		8C92A5212B7824B90083C638 /* IOS_App */ = {
			isa = PBXNativeTarget;
			buildConfigurationList = 8C92A5362B7824BB0083C638 /* Build configuration list for PBXNativeTarget "IOS_App" */;
			buildPhases = (
				8C92A51E2B7824B90083C638 /* Sources */,
				8C92A51F2B7824B90083C638 /* Frameworks */,
				8C92A5202B7824B90083C638 /* Resources */,
			);
			buildRules = (
			);
			dependencies = (
			);
			name = IOS_App;
			packageProductDependencies = (
				8C3479DF2B7C1502008F1BD3 /* Kingfisher */,
			);
			productName = IOS_App;
			productReference = 8C92A5222B7824B90083C638 /* IOS_App.app */;
			productType = "com.apple.product-type.application";
		};
/* End PBXNativeTarget section */

/* Begin PBXProject section */
		8C92A51A2B7824B90083C638 /* Project object */ = {
			isa = PBXProject;
			attributes = {
				BuildIndependentTargetsInParallel = 1;
				LastSwiftUpdateCheck = 1500;
				LastUpgradeCheck = 1500;
				TargetAttributes = {
					8C92A5212B7824B90083C638 = {
						CreatedOnToolsVersion = 15.0;
					};
				};
			};
			buildConfigurationList = 8C92A51D2B7824B90083C638 /* Build configuration list for PBXProject "IOS_App" */;
			compatibilityVersion = "Xcode 14.0";
			developmentRegion = en;
			hasScannedForEncodings = 0;
			knownRegions = (
				en,
				Base,
			);
			mainGroup = 8C92A5192B7824B90083C638;
			packageReferences = (
				8C3479DE2B7C1502008F1BD3 /* XCRemoteSwiftPackageReference "Kingfisher" */,
			);
			productRefGroup = 8C92A5232B7824B90083C638 /* Products */;
			projectDirPath = "";
			projectRoot = "";
			targets = (
				8C92A5212B7824B90083C638 /* IOS_App */,
			);
		};
/* End PBXProject section */

/* Begin PBXResourcesBuildPhase section */
		8C92A5202B7824B90083C638 /* Resources */ = {
			isa = PBXResourcesBuildPhase;
			buildActionMask = 2147483647;
			files = (
				8C92A5322B7824BB0083C638 /* LaunchScreen.storyboard in Resources */,
				8C92A52F2B7824BB0083C638 /* Assets.xcassets in Resources */,
				8C201B052B84FF340009FA2E /* PostView.xib in Resources */,
				8C92A52D2B7824B90083C638 /* Main.storyboard in Resources */,
			);
			runOnlyForDeploymentPostprocessing = 0;
		};
/* End PBXResourcesBuildPhase section */

/* Begin PBXSourcesBuildPhase section */
		8C92A51E2B7824B90083C638 /* Sources */ = {
			isa = PBXSourcesBuildPhase;
			buildActionMask = 2147483647;
			files = (
				8C201AFF2B8414B20009FA2E /* PostTableViewCell.swift in Sources */,
				8C3479D82B7AF212008F1BD3 /* fetch.swift in Sources */,
				8C201B012B84FE580009FA2E /* PostView.swift in Sources */,
				8C77B6202B8519CE00200C0B /* PostDetailsViewController.swift in Sources */,
				8C92A5262B7824B90083C638 /* AppDelegate.swift in Sources */,
				8C3479DD2B7BFDBE008F1BD3 /* posts-structure.swift in Sources */,
				8C201AFD2B83F25E0009FA2E /* PostListViewController.swift in Sources */,
				8C92A5282B7824B90083C638 /* SceneDelegate.swift in Sources */,
			);
			runOnlyForDeploymentPostprocessing = 0;
		};
/* End PBXSourcesBuildPhase section */

/* Begin PBXVariantGroup section */
		8C92A52B2B7824B90083C638 /* Main.storyboard */ = {
			isa = PBXVariantGroup;
			children = (
				8C92A52C2B7824B90083C638 /* Base */,
			);
			name = Main.storyboard;
			sourceTree = "<group>";
		};
		8C92A5302B7824BB0083C638 /* LaunchScreen.storyboard */ = {
			isa = PBXVariantGroup;
			children = (
				8C92A5312B7824BB0083C638 /* Base */,
			);
			name = LaunchScreen.storyboard;
			sourceTree = "<group>";
		};
/* End PBXVariantGroup section */

/* Begin XCBuildConfiguration section */
		8C92A5342B7824BB0083C638 /* Debug */ = {
			isa = XCBuildConfiguration;
			buildSettings = {
				ALWAYS_SEARCH_USER_PATHS = NO;
				ASSETCATALOG_COMPILER_GENERATE_SWIFT_ASSET_SYMBOL_EXTENSIONS = YES;
				CLANG_ANALYZER_NONNULL = YES;
				CLANG_ANALYZER_NUMBER_OBJECT_CONVERSION = YES_AGGRESSIVE;
				CLANG_CXX_LANGUAGE_STANDARD = "gnu++20";
				CLANG_ENABLE_MODULES = YES;
				CLANG_ENABLE_OBJC_ARC = YES;
				CLANG_ENABLE_OBJC_WEAK = YES;
				CLANG_WARN_BLOCK_CAPTURE_AUTORELEASING = YES;
				CLANG_WARN_BOOL_CONVERSION = YES;
				CLANG_WARN_COMMA = YES;
				CLANG_WARN_CONSTANT_CONVERSION = YES;
				CLANG_WARN_DEPRECATED_OBJC_IMPLEMENTATIONS = YES;
				CLANG_WARN_DIRECT_OBJC_ISA_USAGE = YES_ERROR;
				CLANG_WARN_DOCUMENTATION_COMMENTS = YES;
				CLANG_WARN_EMPTY_BODY = YES;
				CLANG_WARN_ENUM_CONVERSION = YES;
				CLANG_WARN_INFINITE_RECURSION = YES;
				CLANG_WARN_INT_CONVERSION = YES;
				CLANG_WARN_NON_LITERAL_NULL_CONVERSION = YES;
				CLANG_WARN_OBJC_IMPLICIT_RETAIN_SELF = YES;
				CLANG_WARN_OBJC_LITERAL_CONVERSION = YES;
				CLANG_WARN_OBJC_ROOT_CLASS = YES_ERROR;
				CLANG_WARN_QUOTED_INCLUDE_IN_FRAMEWORK_HEADER = YES;
				CLANG_WARN_RANGE_LOOP_ANALYSIS = YES;
				CLANG_WARN_STRICT_PROTOTYPES = YES;
				CLANG_WARN_SUSPICIOUS_MOVE = YES;
				CLANG_WARN_UNGUARDED_AVAILABILITY = YES_AGGRESSIVE;
				CLANG_WARN_UNREACHABLE_CODE = YES;
				CLANG_WARN__DUPLICATE_METHOD_MATCH = YES;
				COPY_PHASE_STRIP = NO;
				DEBUG_INFORMATION_FORMAT = dwarf;
				ENABLE_STRICT_OBJC_MSGSEND = YES;
				ENABLE_TESTABILITY = YES;
				ENABLE_USER_SCRIPT_SANDBOXING = YES;
				GCC_C_LANGUAGE_STANDARD = gnu17;
				GCC_DYNAMIC_NO_PIC = NO;
				GCC_NO_COMMON_BLOCKS = YES;
				GCC_OPTIMIZATION_LEVEL = 0;
				GCC_PREPROCESSOR_DEFINITIONS = (
					"DEBUG=1",
					"$(inherited)",
				);
				GCC_WARN_64_TO_32_BIT_CONVERSION = YES;
				GCC_WARN_ABOUT_RETURN_TYPE = YES_ERROR;
				GCC_WARN_UNDECLARED_SELECTOR = YES;
				GCC_WARN_UNINITIALIZED_AUTOS = YES_AGGRESSIVE;
				GCC_WARN_UNUSED_FUNCTION = YES;
				GCC_WARN_UNUSED_VARIABLE = YES;
				IPHONEOS_DEPLOYMENT_TARGET = 17.0;
				LOCALIZATION_PREFERS_STRING_CATALOGS = YES;
				MTL_ENABLE_DEBUG_INFO = INCLUDE_SOURCE;
				MTL_FAST_MATH = YES;
				ONLY_ACTIVE_ARCH = YES;
				SDKROOT = iphoneos;
				SWIFT_ACTIVE_COMPILATION_CONDITIONS = "DEBUG $(inherited)";
				SWIFT_OPTIMIZATION_LEVEL = "-Onone";
			};
			name = Debug;
		};
		8C92A5352B7824BB0083C638 /* Release */ = {
			isa = XCBuildConfiguration;
			buildSettings = {
				ALWAYS_SEARCH_USER_PATHS = NO;
				ASSETCATALOG_COMPILER_GENERATE_SWIFT_ASSET_SYMBOL_EXTENSIONS = YES;
				CLANG_ANALYZER_NONNULL = YES;
				CLANG_ANALYZER_NUMBER_OBJECT_CONVERSION = YES_AGGRESSIVE;
				CLANG_CXX_LANGUAGE_STANDARD = "gnu++20";
				CLANG_ENABLE_MODULES = YES;
				CLANG_ENABLE_OBJC_ARC = YES;
				CLANG_ENABLE_OBJC_WEAK = YES;
				CLANG_WARN_BLOCK_CAPTURE_AUTORELEASING = YES;
				CLANG_WARN_BOOL_CONVERSION = YES;
				CLANG_WARN_COMMA = YES;
				CLANG_WARN_CONSTANT_CONVERSION = YES;
				CLANG_WARN_DEPRECATED_OBJC_IMPLEMENTATIONS = YES;
				CLANG_WARN_DIRECT_OBJC_ISA_USAGE = YES_ERROR;
				CLANG_WARN_DOCUMENTATION_COMMENTS = YES;
				CLANG_WARN_EMPTY_BODY = YES;
				CLANG_WARN_ENUM_CONVERSION = YES;
				CLANG_WARN_INFINITE_RECURSION = YES;
				CLANG_WARN_INT_CONVERSION = YES;
				CLANG_WARN_NON_LITERAL_NULL_CONVERSION = YES;
				CLANG_WARN_OBJC_IMPLICIT_RETAIN_SELF = YES;
				CLANG_WARN_OBJC_LITERAL_CONVERSION = YES;
				CLANG_WARN_OBJC_ROOT_CLASS = YES_ERROR;
				CLANG_WARN_QUOTED_INCLUDE_IN_FRAMEWORK_HEADER = YES;
				CLANG_WARN_RANGE_LOOP_ANALYSIS = YES;
				CLANG_WARN_STRICT_PROTOTYPES = YES;
				CLANG_WARN_SUSPICIOUS_MOVE = YES;
				CLANG_WARN_UNGUARDED_AVAILABILITY = YES_AGGRESSIVE;
				CLANG_WARN_UNREACHABLE_CODE = YES;
				CLANG_WARN__DUPLICATE_METHOD_MATCH = YES;
				COPY_PHASE_STRIP = NO;
				DEBUG_INFORMATION_FORMAT = "dwarf-with-dsym";
				ENABLE_NS_ASSERTIONS = NO;
				ENABLE_STRICT_OBJC_MSGSEND = YES;
				ENABLE_USER_SCRIPT_SANDBOXING = YES;
				GCC_C_LANGUAGE_STANDARD = gnu17;
				GCC_NO_COMMON_BLOCKS = YES;
				GCC_WARN_64_TO_32_BIT_CONVERSION = YES;
				GCC_WARN_ABOUT_RETURN_TYPE = YES_ERROR;
				GCC_WARN_UNDECLARED_SELECTOR = YES;
				GCC_WARN_UNINITIALIZED_AUTOS = YES_AGGRESSIVE;
				GCC_WARN_UNUSED_FUNCTION = YES;
				GCC_WARN_UNUSED_VARIABLE = YES;
				IPHONEOS_DEPLOYMENT_TARGET = 17.0;
				LOCALIZATION_PREFERS_STRING_CATALOGS = YES;
				MTL_ENABLE_DEBUG_INFO = NO;
				MTL_FAST_MATH = YES;
				SDKROOT = iphoneos;
				SWIFT_COMPILATION_MODE = wholemodule;
				VALIDATE_PRODUCT = YES;
			};
			name = Release;
		};
		8C92A5372B7824BB0083C638 /* Debug */ = {
			isa = XCBuildConfiguration;
			buildSettings = {
				ASSETCATALOG_COMPILER_APPICON_NAME = AppIcon;
				ASSETCATALOG_COMPILER_GLOBAL_ACCENT_COLOR_NAME = AccentColor;
				CODE_SIGN_STYLE = Automatic;
				CURRENT_PROJECT_VERSION = 1;
				DEVELOPMENT_TEAM = VNU8KKW4GG;
				GENERATE_INFOPLIST_FILE = YES;
				INFOPLIST_FILE = IOS_App/Info.plist;
				INFOPLIST_KEY_UIApplicationSupportsIndirectInputEvents = YES;
				INFOPLIST_KEY_UILaunchStoryboardName = LaunchScreen;
				INFOPLIST_KEY_UIMainStoryboardFile = Main;
				INFOPLIST_KEY_UISupportedInterfaceOrientations_iPad = "UIInterfaceOrientationPortrait UIInterfaceOrientationPortraitUpsideDown UIInterfaceOrientationLandscapeLeft UIInterfaceOrientationLandscapeRight";
				INFOPLIST_KEY_UISupportedInterfaceOrientations_iPhone = "UIInterfaceOrientationPortrait UIInterfaceOrientationLandscapeLeft UIInterfaceOrientationLandscapeRight";
				LD_RUNPATH_SEARCH_PATHS = (
					"$(inherited)",
					"@executable_path/Frameworks",
				);
				MARKETING_VERSION = 1.0;
				PRODUCT_BUNDLE_IDENTIFIER = "ua.edu.ukma.verkhohliad.IOS-App";
				PRODUCT_NAME = "$(TARGET_NAME)";
				SUPPORTED_PLATFORMS = "iphoneos iphonesimulator";
				SUPPORTS_MACCATALYST = NO;
				SUPPORTS_MAC_DESIGNED_FOR_IPHONE_IPAD = NO;
				SWIFT_EMIT_LOC_STRINGS = YES;
				SWIFT_VERSION = 5.0;
				TARGETED_DEVICE_FAMILY = 1;
			};
			name = Debug;
		};
		8C92A5382B7824BB0083C638 /* Release */ = {
			isa = XCBuildConfiguration;
			buildSettings = {
				ASSETCATALOG_COMPILER_APPICON_NAME = AppIcon;
				ASSETCATALOG_COMPILER_GLOBAL_ACCENT_COLOR_NAME = AccentColor;
				CODE_SIGN_STYLE = Automatic;
				CURRENT_PROJECT_VERSION = 1;
				DEVELOPMENT_TEAM = VNU8KKW4GG;
				GENERATE_INFOPLIST_FILE = YES;
				INFOPLIST_FILE = IOS_App/Info.plist;
				INFOPLIST_KEY_UIApplicationSupportsIndirectInputEvents = YES;
				INFOPLIST_KEY_UILaunchStoryboardName = LaunchScreen;
				INFOPLIST_KEY_UIMainStoryboardFile = Main;
				INFOPLIST_KEY_UISupportedInterfaceOrientations_iPad = "UIInterfaceOrientationPortrait UIInterfaceOrientationPortraitUpsideDown UIInterfaceOrientationLandscapeLeft UIInterfaceOrientationLandscapeRight";
				INFOPLIST_KEY_UISupportedInterfaceOrientations_iPhone = "UIInterfaceOrientationPortrait UIInterfaceOrientationLandscapeLeft UIInterfaceOrientationLandscapeRight";
				LD_RUNPATH_SEARCH_PATHS = (
					"$(inherited)",
					"@executable_path/Frameworks",
				);
				MARKETING_VERSION = 1.0;
				PRODUCT_BUNDLE_IDENTIFIER = "ua.edu.ukma.verkhohliad.IOS-App";
				PRODUCT_NAME = "$(TARGET_NAME)";
				SUPPORTED_PLATFORMS = "iphoneos iphonesimulator";
				SUPPORTS_MACCATALYST = NO;
				SUPPORTS_MAC_DESIGNED_FOR_IPHONE_IPAD = NO;
				SWIFT_EMIT_LOC_STRINGS = YES;
				SWIFT_VERSION = 5.0;
				TARGETED_DEVICE_FAMILY = 1;
			};
			name = Release;
		};
/* End XCBuildConfiguration section */

/* Begin XCConfigurationList section */
		8C92A51D2B7824B90083C638 /* Build configuration list for PBXProject "IOS_App" */ = {
			isa = XCConfigurationList;
			buildConfigurations = (
				8C92A5342B7824BB0083C638 /* Debug */,
				8C92A5352B7824BB0083C638 /* Release */,
			);
			defaultConfigurationIsVisible = 0;
			defaultConfigurationName = Release;
		};
		8C92A5362B7824BB0083C638 /* Build configuration list for PBXNativeTarget "IOS_App" */ = {
			isa = XCConfigurationList;
			buildConfigurations = (
				8C92A5372B7824BB0083C638 /* Debug */,
				8C92A5382B7824BB0083C638 /* Release */,
			);
			defaultConfigurationIsVisible = 0;
			defaultConfigurationName = Release;
		};
/* End XCConfigurationList section */

/* Begin XCRemoteSwiftPackageReference section */
		8C3479DE2B7C1502008F1BD3 /* XCRemoteSwiftPackageReference "Kingfisher" */ = {
			isa = XCRemoteSwiftPackageReference;
			repositoryURL = "https://github.com/onevcat/Kingfisher";
			requirement = {
				kind = upToNextMajorVersion;
				minimumVersion = 7.11.0;
			};
		};
/* End XCRemoteSwiftPackageReference section */

/* Begin XCSwiftPackageProductDependency section */
		8C3479DF2B7C1502008F1BD3 /* Kingfisher */ = {
			isa = XCSwiftPackageProductDependency;
			package = 8C3479DE2B7C1502008F1BD3 /* XCRemoteSwiftPackageReference "Kingfisher" */;
			productName = Kingfisher;
		};
/* End XCSwiftPackageProductDependency section */
	};
	rootObject = 8C92A51A2B7824B90083C638 /* Project object */;
}
